
Microsoft Visual Studio Solution File, Format Version 12.00
# Visual Studio Version 16
VisualStudioVersion = 16.0.30413.136
MinimumVisualStudioVersion = 10.0.40219.1
Project("{8BC9CEB8-8B4A-11D0-8D11-00A0C91BC942}") = "ruiner3", "ruiner3\ruiner3.vcxproj", "{FC2ADD1D-B0C5-446A-A044-E559C6D04FDF}"
EndProject
Global
	GlobalSection(SolutionConfigurationPlatforms) = preSolution
		Debug|x64 = Debug|x64
		Debug|x86 = Debug|x86
		Release|x64 = Release|x64
		Release|x86 = Release|x86
	EndGlobalSection
	GlobalSection(ProjectConfigurationPlatforms) = postSolution
		{FC2ADD1D-B0C5-446A-A044-E559C6D04FDF}.Debug|x64.ActiveCfg = Debug|x64
		{FC2ADD1D-B0C5-446A-A044-E559C6D04FDF}.Debug|x64.Build.0 = Debug|x64
		{FC2ADD1D-B0C5-446A-A044-E559C6D04FDF}.Debug|x86.ActiveCfg = Debug|Win32
		{FC2ADD1D-B0C5-446A-A044-E559C6D04FDF}.Debug|x86.Build.0 = Debug|Win32
		{FC2ADD1D-B0C5-446A-A044-E559C6D04FDF}.Release|x64.ActiveCfg = Release|x64
		{FC2ADD1D-B0C5-446A-A044-E559C6D04FDF}.Release|x64.Build.0 = Release|x64
		{FC2ADD1D-B0C5-446A-A044-E559C6D04FDF}.Release|x86.ActiveCfg = Release|Win32
		{FC2ADD1D-B0C5-446A-A044-E559C6D04FDF}.Release|x86.Build.0 = Release|Win32
	EndGlobalSection
	GlobalSection(SolutionProperties) = preSolution
		HideSolutionNode = FALSE
	EndGlobalSection
	GlobalSection(ExtensibilityGlobals) = postSolution
		SolutionGuid = {A27D42F5-007C-4D6E-A2FD-05EA55608E0A}
	EndGlobalSection
EndGlobal
